
Microsoft Visual Studio Solution File, Format Version 12.00
# Visual Studio Version 17
VisualStudioVersion = 17.14.36623.8
MinimumVisualStudioVersion = 10.0.40219.1
Project("{FAE04EC0-301F-11D3-BF4B-00C04F79EFBC}") = "GraphCalcTest1", "GraphCalcTest1.csproj", "{2AC84EBC-1106-45DD-9BED-2B44B5C4B112}"
EndProject
Global
	GlobalSection(SolutionConfigurationPlatforms) = preSolution
		Debug|Any CPU = Debug|Any CPU
		Debug|x64 = Debug|x64
		Debug|x86 = Debug|x86
		Release|Any CPU = Release|Any CPU
		Release|x64 = Release|x64
		Release|x86 = Release|x86
	EndGlobalSection
	GlobalSection(ProjectConfigurationPlatforms) = postSolution
		{2AC84EBC-1106-45DD-9BED-2B44B5C4B112}.Debug|Any CPU.ActiveCfg = Debug|Any CPU
		{2AC84EBC-1106-45DD-9BED-2B44B5C4B112}.Debug|Any CPU.Build.0 = Debug|Any CPU
		{2AC84EBC-1106-45DD-9BED-2B44B5C4B112}.Debug|x64.ActiveCfg = Debug|Any CPU
		{2AC84EBC-1106-45DD-9BED-2B44B5C4B112}.Debug|x64.Build.0 = Debug|Any CPU
		{2AC84EBC-1106-45DD-9BED-2B44B5C4B112}.Debug|x86.ActiveCfg = Debug|Any CPU
		{2AC84EBC-1106-45DD-9BED-2B44B5C4B112}.Debug|x86.Build.0 = Debug|Any CPU
		{2AC84EBC-1106-45DD-9BED-2B44B5C4B112}.Release|Any CPU.ActiveCfg = Release|Any CPU
		{2AC84EBC-1106-45DD-9BED-2B44B5C4B112}.Release|Any CPU.Build.0 = Release|Any CPU
		{2AC84EBC-1106-45DD-9BED-2B44B5C4B112}.Release|x64.ActiveCfg = Release|Any CPU
		{2AC84EBC-1106-45DD-9BED-2B44B5C4B112}.Release|x64.Build.0 = Release|Any CPU
		{2AC84EBC-1106-45DD-9BED-2B44B5C4B112}.Release|x86.ActiveCfg = Release|Any CPU
		{2AC84EBC-1106-45DD-9BED-2B44B5C4B112}.Release|x86.Build.0 = Release|Any CPU
		{E4876F1B-A054-42F2-B1AE-B06107DE79D7}.Debug|Any CPU.ActiveCfg = Debug|Any CPU
		{E4876F1B-A054-42F2-B1AE-B06107DE79D7}.Debug|Any CPU.Build.0 = Debug|Any CPU
		{E4876F1B-A054-42F2-B1AE-B06107DE79D7}.Debug|x64.ActiveCfg = Debug|Any CPU
		{E4876F1B-A054-42F2-B1AE-B06107DE79D7}.Debug|x64.Build.0 = Debug|Any CPU
		{E4876F1B-A054-42F2-B1AE-B06107DE79D7}.Debug|x86.ActiveCfg = Debug|Any CPU
		{E4876F1B-A054-42F2-B1AE-B06107DE79D7}.Debug|x86.Build.0 = Debug|Any CPU
		{E4876F1B-A054-42F2-B1AE-B06107DE79D7}.Release|Any CPU.ActiveCfg = Release|Any CPU
		{E4876F1B-A054-42F2-B1AE-B06107DE79D7}.Release|Any CPU.Build.0 = Release|Any CPU
		{E4876F1B-A054-42F2-B1AE-B06107DE79D7}.Release|x64.ActiveCfg = Release|Any CPU
		{E4876F1B-A054-42F2-B1AE-B06107DE79D7}.Release|x64.Build.0 = Release|Any CPU
		{E4876F1B-A054-42F2-B1AE-B06107DE79D7}.Release|x86.ActiveCfg = Release|Any CPU
		{E4876F1B-A054-42F2-B1AE-B06107DE79D7}.Release|x86.Build.0 = Release|Any CPU
	EndGlobalSection
	GlobalSection(SolutionProperties) = preSolution
		HideSolutionNode = FALSE
	EndGlobalSection
	GlobalSection(ExtensibilityGlobals) = postSolution
		SolutionGuid = {70EBA0C2-4AA8-4E73-96F9-4192CD1F81E7}
	EndGlobalSection
EndGlobal
